{
  "name": "shopify-metadata-migrator",
  "version": "1.0.3",
  "lockfileVersion": 3,
  "requires": true,
  "packages": {
    "": {
      "name": "shopify-metadata-migrator",
      "version": "1.0.3",
      "license": "MIT",
      "bin": {
        "shopify-metadata-migrator": "migrateShopifyMetafields.js"
      },
      "engines": {
        "node": ">=18.0.0"
      }
    }
  }
}
